<?xml version="1.0" encoding="utf-8"?>
<Project ToolsVersion="4.0" xmlns="http://schemas.microsoft.com/developer/msbuild/2003">
  <ItemGroup>
    <Filter Include="Source Files">
      <UniqueIdentifier>{4FC737F1-C7A5-4376-A066-2A32D752A2FF}</UniqueIdentifier>
      <Extensions>cpp;c;cc;cxx;c++;cppm;ixx;def;odl;idl;hpj;bat;asm;asmx</Extensions>
    </Filter>
    <Filter Include="Header Files">
      <UniqueIdentifier>{93995380-89BD-4b04-88EB-625FBE52EBFB}</UniqueIdentifier>
      <Extensions>h;hh;hpp;hxx;h++;hm;inl;inc;ipp;xsd</Extensions>
    </Filter>
    <Filter Include="Resource Files">
      <UniqueIdentifier>{67DA6AB6-F800-4c08-8B7A-83BB121AAD01}</UniqueIdentifier>
      <Extensions>rc;ico;cur;bmp;dlg;rc2;rct;bin;rgs;gif;jpg;jpeg;jpe;resx;tiff;tif;png;wav;mfcribbon-ms</Extensions>
    </Filter>
  </ItemGroup>
  <ItemGroup>
    <ClCompile Include="source\main\main.cpp">
      <Filter>Source Files</Filter>
    </ClCompile>
    <ClCompile Include="source\memory\crc.cpp">
      <Filter>Source Files</Filter>
    </ClCompile>
    <ClCompile Include="source\cache\cache_files.cpp">
      <Filter>Source Files</Filter>
    </ClCompile>
    <ClCompile Include="source\tag_files\files.cpp">
      <Filter>Source Files</Filter>
    </ClCompile>
    <ClCompile Include="source\tag_files\files_windows.cpp">
      <Filter>Source Files</Filter>
    </ClCompile>
    <ClCompile Include="source\cseries\cseries.cpp">
      <Filter>Source Files</Filter>
    </ClCompile>
    <ClCompile Include="source\cseries\cseries_strings.cpp">
      <Filter>Source Files</Filter>
    </ClCompile>
    <ClCompile Include="source\cache\physical_memory_map.cpp">
      <Filter>Source Files</Filter>
    </ClCompile>
    <ClCompile Include="source\cseries\cseries_system_memory.cpp">
      <Filter>Source Files</Filter>
    </ClCompile>
  </ItemGroup>
  <ItemGroup>
    <ClInclude Include="source\memory\crc.hpp">
      <Filter>Header Files</Filter>
    </ClInclude>
    <ClInclude Include="source\cache\cache_files.hpp">
      <Filter>Header Files</Filter>
    </ClInclude>
    <ClInclude Include="source\tag_files\files.hpp">
      <Filter>Header Files</Filter>
    </ClInclude>
    <ClInclude Include="source\tag_files\files_windows.hpp">
      <Filter>Header Files</Filter>
    </ClInclude>
    <ClInclude Include="source\cseries\cseries.hpp">
      <Filter>Header Files</Filter>
    </ClInclude>
    <ClInclude Include="source\cseries\cseries_strings.hpp">
      <Filter>Header Files</Filter>
    </ClInclude>
    <ClInclude Include="source\cache\physical_memory_map.hpp">
      <Filter>Header Files</Filter>
    </ClInclude>
    <ClInclude Include="source\cseries\cseries_system_memory.hpp">
      <Filter>Header Files</Filter>
    </ClInclude>
    <ClInclude Include="source\main\main.hpp">
      <Filter>Header Files</Filter>
    </ClInclude>
    <ClInclude Include="source\objects\object_definitions.hpp">
      <Filter>Header Files</Filter>
    </ClInclude>
    <ClInclude Include="source\units\unit_definition.hpp">
      <Filter>Header Files</Filter>
    </ClInclude>
    <ClInclude Include="source\units\biped_definitions.hpp">
      <Filter>Header Files</Filter>
    </ClInclude>
    <ClInclude Include="source\math\function_definitions.hpp">
      <Filter>Header Files</Filter>
    </ClInclude>
    <ClInclude Include="source\tag_files\tag_groups.hpp">
      <Filter>Header Files</Filter>
    </ClInclude>
    <ClInclude Include="source\physics\character_physics_definitions.hpp">
      <Filter>Header Files</Filter>
    </ClInclude>
    <ClInclude Include="source\math\real_math.hpp">
      <Filter>Header Files</Filter>
    </ClInclude>
    <ClInclude Include="source\math\integer_math.hpp">
      <Filter>Header Files</Filter>
    </ClInclude>
  </ItemGroup>
</Project>